<?xml version="1.0" encoding="utf-8"?>
<Project ToolsVersion="4.0" xmlns="http://schemas.microsoft.com/developer/msbuild/2003">
  <ItemGroup>
    <Filter Include="Исходные файлы">
      <UniqueIdentifier>{4FC737F1-C7A5-4376-A066-2A32D752A2FF}</UniqueIdentifier>
      <Extensions>cpp;c;cc;cxx;c++;cppm;ixx;def;odl;idl;hpj;bat;asm;asmx</Extensions>
    </Filter>
    <Filter Include="Файлы заголовков">
      <UniqueIdentifier>{93995380-89BD-4b04-88EB-625FBE52EBFB}</UniqueIdentifier>
      <Extensions>h;hh;hpp;hxx;h++;hm;inl;inc;ipp;xsd</Extensions>
    </Filter>
    <Filter Include="Файлы ресурсов">
      <UniqueIdentifier>{67DA6AB6-F800-4c08-8B7A-83BB121AAD01}</UniqueIdentifier>
      <Extensions>rc;ico;cur;bmp;dlg;rc2;rct;bin;rgs;gif;jpg;jpeg;jpe;resx;tiff;tif;png;wav;mfcribbon-ms</Extensions>
    </Filter>
  </ItemGroup>
  <ItemGroup>
    <ClCompile Include="Вариант1.cpp">
      <Filter>Исходные файлы</Filter>
    </ClCompile>
  </ItemGroup>
  <ItemGroup>
    <Text Include="Vse_Verno.txt">
      <Filter>Файлы ресурсов</Filter>
    </Text>
    <Text Include="Pustota.txt">
      <Filter>Файлы ресурсов</Filter>
    </Text>
    <Text Include="Kolichestvo_Ne_Chislo.txt">
      <Filter>Файлы ресурсов</Filter>
    </Text>
    <Text Include="Kolichestvo_Null.txt">
      <Filter>Файлы ресурсов</Filter>
    </Text>
    <Text Include="Kolichestvo_Less_Null.txt">
      <Filter>Файлы ресурсов</Filter>
    </Text>
    <Text Include="Kolichestvo_Ravno_1.txt">
      <Filter>Файлы ресурсов</Filter>
    </Text>
    <Text Include="Vremya_Pervaya_Stroka_Bigger.txt">
      <Filter>Файлы ресурсов</Filter>
    </Text>
    <Text Include="Vremya_Pervaya_Stroka_Less.txt">
      <Filter>Файлы ресурсов</Filter>
    </Text>
    <Text Include="Vremua_Bigger.txt">
      <Filter>Файлы ресурсов</Filter>
    </Text>
    <Text Include="Vremua_Less.txt">
      <Filter>Файлы ресурсов</Filter>
    </Text>
    <Text Include="Chasu_Ne_chislo.txt">
      <Filter>Файлы ресурсов</Filter>
    </Text>
    <Text Include="Minutu_Ne_chislo.txt">
      <Filter>Файлы ресурсов</Filter>
    </Text>
    <Text Include="Net_Dvoetochia.txt">
      <Filter>Файлы ресурсов</Filter>
    </Text>
    <Text Include="Chasu_Bigger_3.txt">
      <Filter>Файлы ресурсов</Filter>
    </Text>
    <Text Include="Vtoraya_Chasu_Bigger_3_1.txt">
      <Filter>Файлы ресурсов</Filter>
    </Text>
    <Text Include="Vtoraya_Chasu_Bigger_3_2.txt">
      <Filter>Файлы ресурсов</Filter>
    </Text>
    <Text Include="Minutu_Pervaya_Bigger6_1.txt">
      <Filter>Файлы ресурсов</Filter>
    </Text>
    <Text Include="Minutu_Pervaya_Bigger7_1.txt">
      <Filter>Файлы ресурсов</Filter>
    </Text>
    <Text Include="Dvoetochie_Ne_Na_Svoem_Meste.txt">
      <Filter>Файлы ресурсов</Filter>
    </Text>
    <Text Include="Bortovoy_Number_Ne_S_Б.txt">
      <Filter>Файлы ресурсов</Filter>
    </Text>
    <Text Include="Bortovoy_Number_S_Angl_Bukvu.txt">
      <Filter>Файлы ресурсов</Filter>
    </Text>
    <Text Include="Stoit_Ne_Tire.txt">
      <Filter>Файлы ресурсов</Filter>
    </Text>
    <Text Include="Net_Tire.txt">
      <Filter>Файлы ресурсов</Filter>
    </Text>
    <Text Include="V_Konce_Ne_Cifra.txt">
      <Filter>Файлы ресурсов</Filter>
    </Text>
    <Text Include="Pervaya_Stroka_Nomera_Bolshe_6.txt">
      <Filter>Файлы ресурсов</Filter>
    </Text>
    <Text Include="Ne_Pervaya_Stroka_Nomera_Bolshe_6.txt">
      <Filter>Файлы ресурсов</Filter>
    </Text>
    <Text Include="Vse_Verno_Podrobno.txt">
      <Filter>Файлы ресурсов</Filter>
    </Text>
  </ItemGroup>
</Project>